
Microsoft Visual Studio Solution File, Format Version 12.00
# Visual Studio 15
VisualStudioVersion = 15.0.27703.2042
MinimumVisualStudioVersion = 10.0.40219.1
Project("{FAE04EC0-301F-11D3-BF4B-00C04F79EFBC}") = "WpfApp1", "WpfApp1\WpfApp1.csproj", "{EA86F8E0-ECF9-42F9-8B4C-202847975058}"
EndProject
Global
	GlobalSection(SolutionConfigurationPlatforms) = preSolution
		Debug|Any CPU = Debug|Any CPU
		Release|Any CPU = Release|Any CPU
	EndGlobalSection
	GlobalSection(ProjectConfigurationPlatforms) = postSolution
		{EA86F8E0-ECF9-42F9-8B4C-202847975058}.Debug|Any CPU.ActiveCfg = Debug|Any CPU
		{EA86F8E0-ECF9-42F9-8B4C-202847975058}.Debug|Any CPU.Build.0 = Debug|Any CPU
		{EA86F8E0-ECF9-42F9-8B4C-202847975058}.Release|Any CPU.ActiveCfg = Release|Any CPU
		{EA86F8E0-ECF9-42F9-8B4C-202847975058}.Release|Any CPU.Build.0 = Release|Any CPU
	EndGlobalSection
	GlobalSection(SolutionProperties) = preSolution
		HideSolutionNode = FALSE
	EndGlobalSection
	GlobalSection(ExtensibilityGlobals) = postSolution
		SolutionGuid = {D993ED94-EF5B-41BA-9E6A-9016380CEBEA}
	EndGlobalSection
EndGlobal
